#
# This file is autogenerated by pip-compile with Python 3.12
# by the following command:
#
#    pip-compile --output-file=requirements.lock requirements.txt
#
airportsdata==20250523
    # via -r requirements.txt
annotated-doc==0.0.4
    # via fastapi
annotated-types==0.7.0
    # via pydantic
anyio==4.14.2
    # via
    #   httpx
    #   openai
    #   starlette
cachetools==5.5.2
    # via -r requirements.txt
certifi==2026.6.17
    # via
    #   httpcore
    #   httpx
click==8.4.2
    # via uvicorn
dateparser==1.4.0
    # via -r requirements.txt
distro==1.9.0
    # via openai
fastapi==0.135.3
    # via -r requirements.txt
greenlet==3.5.3
    # via sqlalchemy
h11==0.16.0
    # via
    #   httpcore
    #   uvicorn
httpcore==1.0.9
    # via httpx
httpx==0.28.1
    # via
    #   -r requirements.txt
    #   openai
idna==3.18
    # via
    #   anyio
    #   httpx
jiter==0.16.0
    # via openai
openai==1.84.0
    # via -r requirements.txt
prometheus-client==0.24.1
    # via -r requirements.txt
psycopg2-binary==2.9.11
    # via -r requirements.txt
pydantic==2.13.4
    # via
    #   -r requirements.txt
    #   fastapi
    #   openai
pydantic-core==2.46.4
    # via pydantic
python-dateutil==2.9.0.post0
    # via
    #   -r requirements.txt
    #   dateparser
python-dotenv==1.2.2
    # via -r requirements.txt
pytz==2026.2
    # via dateparser
rapidfuzz==3.14.3
    # via -r requirements.txt
redis==7.2.0
    # via -r requirements.txt
regex==2026.7.10
    # via dateparser
six==1.17.0
    # via python-dateutil
sniffio==1.3.1
    # via openai
sqlalchemy==2.0.41
    # via -r requirements.txt
starlette==1.3.1
    # via fastapi
tqdm==4.69.0
    # via openai
typing-extensions==4.16.0
    # via
    #   anyio
    #   fastapi
    #   openai
    #   pydantic
    #   pydantic-core
    #   sqlalchemy
    #   starlette
    #   typing-inspection
typing-inspection==0.4.2
    # via
    #   fastapi
    #   pydantic
tzlocal==5.4.4
    # via dateparser
uvicorn==0.34.3
    # via -r requirements.txt
